{
  "lockfileVersion": 1,
  "configVersion": 1,
  "workspaces": {
    "": {
      "name": "@zeronerov/hono-api-docs-gen",
      "devDependencies": {
        "typescript": "^5.0.0",
      },
      "peerDependencies": {
        "hono": "^4.12.5",
      },
    },
  },
  "packages": {
    "hono": ["hono@4.12.5", "", {}, "sha512-3qq+FUBtlTHhtYxbxheZgY8NIFnkkC/MR8u5TTsr7YZ3wixryQ3cCwn3iZbg8p8B88iDBBAYSfZDS75t8MN7Vg=="],

    "typescript": ["typescript@5.9.3", "", { "bin": { "tsc": "bin/tsc", "tsserver": "bin/tsserver" } }, "sha512-jl1vZzPDinLr9eUt3J/t7V6FgNEw9QjvBPdysz9KfQDD41fQrC2Y4vKQdiaUpFT4bXlb1RHhLpp8wtm6M5TgSw=="],
  }
}
